// !$*UTF8*$!
{
	archiveVersion = 1;
	classes = {
	};
	objectVersion = 56;
	objects = {

/* Begin PBXBuildFile section */
		01191ECC27EE4200A417D53A /* iPhone/iPhoneApp.swift in Sources */ = {isa = PBXBuildFile; fileRef = C3923FF987359652CDB01E40 /* iPhone/iPhoneApp.swift */; };
		1236653508F1E6B7ACC705A4 /* Mac/MacRuntime.swift in Sources */ = {isa = PBXBuildFile; fileRef = B589C6018692E4347C6254E3 /* Mac/MacRuntime.swift */; };
		18024816E29A6AE7DC5DEA46 /* iPhone/Assets.xcassets in Resources */ = {isa = PBXBuildFile; fileRef = E6344218F4B9D6CA942522DE /* iPhone/Assets.xcassets */; };
		3191FB34814CC9AB7F33F714 /* Shared/BrainWebView.swift in Sources */ = {isa = PBXBuildFile; fileRef = 2567A5EC9705EB7AC2C98403 /* Shared/BrainWebView.swift */; };
		378C1A075415DF0CC8ED55A4 /* Mac/Assets.xcassets in Resources */ = {isa = PBXBuildFile; fileRef = C95447D1D68AAEAA23A71BFC /* Mac/Assets.xcassets */; };
		93480E6E55FDA50B47DFA214 /* Runtime in Resources */ = {isa = PBXBuildFile; fileRef = B4A619251C5C397F26D05C9B /* Runtime */; };
		A1D76B811B22C96D2C6B4D68 /* Shared/BrainWebView.swift in Sources */ = {isa = PBXBuildFile; fileRef = 2567A5EC9705EB7AC2C98403 /* Shared/BrainWebView.swift */; };
		C4EAE97FDB63EE2E820EED7E /* Shared/Pairing.swift in Sources */ = {isa = PBXBuildFile; fileRef = 33C9B363AA666F43190FA83F /* Shared/Pairing.swift */; };
		DB8942FEEC8A420D7930AF18 /* Mac/MacApp.swift in Sources */ = {isa = PBXBuildFile; fileRef = FA3B131E8B453B8AE749EAA0 /* Mac/MacApp.swift */; };
		DFF5C0EF11985580987C014E /* Shared/Pairing.swift in Sources */ = {isa = PBXBuildFile; fileRef = 33C9B363AA666F43190FA83F /* Shared/Pairing.swift */; };
		SPARKLE000000000000000003 /* Sparkle in Frameworks */ = {isa = PBXBuildFile; productRef = SPARKLE000000000000000002 /* Sparkle */; };
/* End PBXBuildFile section */

/* Begin PBXFileReference section */
		1D3536E38BE2A2FDA40C3C3E /* Tests/PairingSmoke.swift */ = {isa = PBXFileReference; lastKnownFileType = text; path = Tests/PairingSmoke.swift; sourceTree = "<group>"; };
		2567A5EC9705EB7AC2C98403 /* Shared/BrainWebView.swift */ = {isa = PBXFileReference; lastKnownFileType = sourcecode.swift; path = Shared/BrainWebView.swift; sourceTree = "<group>"; };
		33C9B363AA666F43190FA83F /* Shared/Pairing.swift */ = {isa = PBXFileReference; lastKnownFileType = sourcecode.swift; path = Shared/Pairing.swift; sourceTree = "<group>"; };
		3905D7917F2B3429490B01CF /* ../README.md */ = {isa = PBXFileReference; lastKnownFileType = text; path = ../README.md; sourceTree = "<group>"; };
		3F7D00967449E2EE16F3CBCD /* ../APPLE-APPS.md */ = {isa = PBXFileReference; lastKnownFileType = text; path = "../APPLE-APPS.md"; sourceTree = "<group>"; };
		6885AE5B93876F3DA013F1A5 /* Ai Task Manager.app */ = {isa = PBXFileReference; explicitFileType = wrapper.application; includeInIndex = 0; path = "Ai Task Manager.app"; sourceTree = BUILT_PRODUCTS_DIR; };
		8718653861FFB5BC344273B5 /* ../style.css */ = {isa = PBXFileReference; lastKnownFileType = text; path = ../style.css; sourceTree = "<group>"; };
		884465A9A76334392A85F855 /* ../server.mjs */ = {isa = PBXFileReference; lastKnownFileType = sourcecode.javascript; path = ../server.mjs; sourceTree = "<group>"; };
		936EB2D8970E710A62425628 /* Ai Task Manager.app */ = {isa = PBXFileReference; explicitFileType = wrapper.application; includeInIndex = 0; path = "Ai Task Manager.app"; sourceTree = BUILT_PRODUCTS_DIR; };
		B4A619251C5C397F26D05C9B /* Runtime */ = {isa = PBXFileReference; lastKnownFileType = folder; path = Runtime; sourceTree = "<group>"; };
		B589C6018692E4347C6254E3 /* Mac/MacRuntime.swift */ = {isa = PBXFileReference; lastKnownFileType = sourcecode.swift; path = Mac/MacRuntime.swift; sourceTree = "<group>"; };
		C3923FF987359652CDB01E40 /* iPhone/iPhoneApp.swift */ = {isa = PBXFileReference; lastKnownFileType = sourcecode.swift; path = iPhone/iPhoneApp.swift; sourceTree = "<group>"; };
		C95447D1D68AAEAA23A71BFC /* Mac/Assets.xcassets */ = {isa = PBXFileReference; lastKnownFileType = folder.assetcatalog; path = Mac/Assets.xcassets; sourceTree = "<group>"; };
		CB0D651F3F96E62554D929A3 /* ../scripts/phone-bridge.mjs */ = {isa = PBXFileReference; lastKnownFileType = sourcecode.javascript; path = "../scripts/phone-bridge.mjs"; sourceTree = "<group>"; };
		D77210FAA101D4D68F7D000D /* ../index.html */ = {isa = PBXFileReference; lastKnownFileType = text; path = ../index.html; sourceTree = "<group>"; };
		E6344218F4B9D6CA942522DE /* iPhone/Assets.xcassets */ = {isa = PBXFileReference; lastKnownFileType = folder.assetcatalog; path = iPhone/Assets.xcassets; sourceTree = "<group>"; };
		F2B399BFF4E003BE13170613 /* ../app.js */ = {isa = PBXFileReference; lastKnownFileType = sourcecode.javascript; path = ../app.js; sourceTree = "<group>"; };
		FA3B131E8B453B8AE749EAA0 /* Mac/MacApp.swift */ = {isa = PBXFileReference; lastKnownFileType = sourcecode.swift; path = Mac/MacApp.swift; sourceTree = "<group>"; };
		FD105EC487C9193F1531DE2D /* Tools/generate-icon.swift */ = {isa = PBXFileReference; lastKnownFileType = text; path = "Tools/generate-icon.swift"; sourceTree = "<group>"; };
/* End PBXFileReference section */

/* Begin PBXFrameworksBuildPhase section */
		600AF3AC18FEDD192F32B0C7 /* Frameworks */ = {
			isa = PBXFrameworksBuildPhase;
			buildActionMask = 2147483647;
			files = (
			);
			runOnlyForDeploymentPostprocessing = 0;
		};
		66AFA61F658F0AAE55A7F9BE /* Frameworks */ = {
			isa = PBXFrameworksBuildPhase;
			buildActionMask = 2147483647;
			files = (
				SPARKLE000000000000000003 /* Sparkle in Frameworks */,
			);
			runOnlyForDeploymentPostprocessing = 0;
		};
/* End PBXFrameworksBuildPhase section */

/* Begin PBXGroup section */
		67299952E901D95386428234 /* Dashboard source (edit here) */ = {
			isa = PBXGroup;
			children = (
				F2B399BFF4E003BE13170613 /* ../app.js */,
				8718653861FFB5BC344273B5 /* ../style.css */,
				D77210FAA101D4D68F7D000D /* ../index.html */,
				884465A9A76334392A85F855 /* ../server.mjs */,
				CB0D651F3F96E62554D929A3 /* ../scripts/phone-bridge.mjs */,
				3F7D00967449E2EE16F3CBCD /* ../APPLE-APPS.md */,
				3905D7917F2B3429490B01CF /* ../README.md */,
				1D3536E38BE2A2FDA40C3C3E /* Tests/PairingSmoke.swift */,
				FD105EC487C9193F1531DE2D /* Tools/generate-icon.swift */,
			);
			name = "Dashboard source (edit here)";
			sourceTree = "<group>";
		};
		86024CAD1E83101D97359D73 /* Products */ = {
			isa = PBXGroup;
			children = (
				6885AE5B93876F3DA013F1A5 /* Ai Task Manager.app */,
				936EB2D8970E710A62425628 /* Ai Task Manager.app */,
			);
			name = Products;
			sourceTree = "<group>";
		};
		FAD58DE7366495DB4650CFEF = {
			isa = PBXGroup;
			children = (
				67299952E901D95386428234 /* Dashboard source (edit here) */,
				C95447D1D68AAEAA23A71BFC /* Mac/Assets.xcassets */,
				E6344218F4B9D6CA942522DE /* iPhone/Assets.xcassets */,
				33C9B363AA666F43190FA83F /* Shared/Pairing.swift */,
				2567A5EC9705EB7AC2C98403 /* Shared/BrainWebView.swift */,
				FA3B131E8B453B8AE749EAA0 /* Mac/MacApp.swift */,
				B589C6018692E4347C6254E3 /* Mac/MacRuntime.swift */,
				C3923FF987359652CDB01E40 /* iPhone/iPhoneApp.swift */,
				B4A619251C5C397F26D05C9B /* Runtime */,
				86024CAD1E83101D97359D73 /* Products */,
			);
			sourceTree = "<group>";
		};
/* End PBXGroup section */

/* Begin PBXNativeTarget section */
		5D807D63FCEE5E91F6F0ABC3 /* Ai Task Manager iPhone */ = {
			isa = PBXNativeTarget;
			buildConfigurationList = A626C1AE73B15621130EC735 /* Build configuration list for PBXNativeTarget "Ai Task Manager iPhone" */;
			buildPhases = (
				5B2FFA4965E75AC9FAA556DC /* Sources */,
				600AF3AC18FEDD192F32B0C7 /* Frameworks */,
				8253F9AF0DDCC3E95042F175 /* Resources */,
			);
			buildRules = (
			);
			dependencies = (
			);
			name = "Ai Task Manager iPhone";
			productName = "Ai Task Manager";
			productReference = 936EB2D8970E710A62425628 /* Ai Task Manager.app */;
			productType = "com.apple.product-type.application";
		};
		FB8476959066E5391A5A2938 /* Ai Task Manager Mac */ = {
			isa = PBXNativeTarget;
			buildConfigurationList = 9D38A2FC58F82BE46DE5ED6E /* Build configuration list for PBXNativeTarget "Ai Task Manager Mac" */;
			buildPhases = (
				94E429174467BC5A7A3CE1DB /* Sources */,
				66AFA61F658F0AAE55A7F9BE /* Frameworks */,
				4C0149993FC4FE9B89B93BBD /* Resources */,
			);
			buildRules = (
			);
			dependencies = (
			);
			name = "Ai Task Manager Mac";
			packageProductDependencies = (
				SPARKLE000000000000000002 /* Sparkle */,
			);
			productName = "Ai Task Manager";
			productReference = 6885AE5B93876F3DA013F1A5 /* Ai Task Manager.app */;
			productType = "com.apple.product-type.application";
		};
/* End PBXNativeTarget section */

/* Begin PBXProject section */
		46F86FAA6BBF9AC94A7E4595 /* Project object */ = {
			isa = PBXProject;
			attributes = {
				BuildIndependentTargetsInParallel = YES;
				LastUpgradeCheck = 2660;
			};
			buildConfigurationList = 927FED1AB2217D3B3EC771F8 /* Build configuration list for PBXProject "AndrewsAiBrain" */;
			compatibilityVersion = "Xcode 14.0";
			developmentRegion = en;
			hasScannedForEncodings = 0;
			knownRegions = (
				en,
				Base,
			);
			mainGroup = FAD58DE7366495DB4650CFEF;
			packageReferences = (
				SPARKLE000000000000000001 /* XCRemoteSwiftPackageReference "Sparkle" */,
			);
			productRefGroup = 86024CAD1E83101D97359D73 /* Products */;
			projectDirPath = "";
			projectRoot = "";
			targets = (
				FB8476959066E5391A5A2938 /* Ai Task Manager Mac */,
				5D807D63FCEE5E91F6F0ABC3 /* Ai Task Manager iPhone */,
			);
		};
/* End PBXProject section */

/* Begin PBXResourcesBuildPhase section */
		4C0149993FC4FE9B89B93BBD /* Resources */ = {
			isa = PBXResourcesBuildPhase;
			buildActionMask = 2147483647;
			files = (
				378C1A075415DF0CC8ED55A4 /* Mac/Assets.xcassets in Resources */,
				93480E6E55FDA50B47DFA214 /* Runtime in Resources */,
			);
			runOnlyForDeploymentPostprocessing = 0;
		};
		8253F9AF0DDCC3E95042F175 /* Resources */ = {
			isa = PBXResourcesBuildPhase;
			buildActionMask = 2147483647;
			files = (
				18024816E29A6AE7DC5DEA46 /* iPhone/Assets.xcassets in Resources */,
			);
			runOnlyForDeploymentPostprocessing = 0;
		};
/* End PBXResourcesBuildPhase section */

/* Begin PBXSourcesBuildPhase section */
		5B2FFA4965E75AC9FAA556DC /* Sources */ = {
			isa = PBXSourcesBuildPhase;
			buildActionMask = 2147483647;
			files = (
				C4EAE97FDB63EE2E820EED7E /* Shared/Pairing.swift in Sources */,
				3191FB34814CC9AB7F33F714 /* Shared/BrainWebView.swift in Sources */,
				01191ECC27EE4200A417D53A /* iPhone/iPhoneApp.swift in Sources */,
			);
			runOnlyForDeploymentPostprocessing = 0;
		};
		94E429174467BC5A7A3CE1DB /* Sources */ = {
			isa = PBXSourcesBuildPhase;
			buildActionMask = 2147483647;
			files = (
				DFF5C0EF11985580987C014E /* Shared/Pairing.swift in Sources */,
				A1D76B811B22C96D2C6B4D68 /* Shared/BrainWebView.swift in Sources */,
				DB8942FEEC8A420D7930AF18 /* Mac/MacApp.swift in Sources */,
				1236653508F1E6B7ACC705A4 /* Mac/MacRuntime.swift in Sources */,
			);
			runOnlyForDeploymentPostprocessing = 0;
		};
/* End PBXSourcesBuildPhase section */

/* Begin XCBuildConfiguration section */
		59233E4D684FB5A1A72525B8 /* Debug */ = {
			isa = XCBuildConfiguration;
			buildSettings = {
				CLANG_ENABLE_MODULES = YES;
				CLANG_ENABLE_OBJC_ARC = YES;
				DEBUG_INFORMATION_FORMAT = dwarf;
				ENABLE_TESTABILITY = YES;
				SWIFT_ACTIVE_COMPILATION_CONDITIONS = DEBUG;
				SWIFT_OPTIMIZATION_LEVEL = "-Onone";
			};
			name = Debug;
		};
		7756B457937693E41A9CC2E6 /* Release */ = {
			isa = XCBuildConfiguration;
			buildSettings = {
				ASSETCATALOG_COMPILER_APPICON_NAME = AppIcon;
				CODE_SIGN_STYLE = Automatic;
				CURRENT_PROJECT_VERSION = 1300;
				DEVELOPMENT_TEAM = 225ANW4K8A;
				ENABLE_USER_SCRIPT_SANDBOXING = YES;
				GENERATE_INFOPLIST_FILE = NO;
				INFOPLIST_FILE = iPhone/Info.plist;
				IPHONEOS_DEPLOYMENT_TARGET = 17.0;
				LD_RUNPATH_SEARCH_PATHS = (
					"$(inherited)",
					"@executable_path/Frameworks",
				);
				MARKETING_VERSION = 0.13.0;
				PRODUCT_BUNDLE_IDENTIFIER = com.andrews.ai.brain.phone;
				PRODUCT_NAME = "Ai Task Manager";
				SDKROOT = iphoneos;
				SUPPORTED_PLATFORMS = "iphoneos iphonesimulator";
				SUPPORTS_MACCATALYST = NO;
				SWIFT_STRICT_CONCURRENCY = minimal;
				SWIFT_VERSION = 5.0;
				TARGETED_DEVICE_FAMILY = 1;
			};
			name = Release;
		};
		879786BAEDB1AAB9CF1CEE6C /* Debug */ = {
			isa = XCBuildConfiguration;
			buildSettings = {
				ASSETCATALOG_COMPILER_APPICON_NAME = AppIcon;
				CODE_SIGN_STYLE = Automatic;
				CURRENT_PROJECT_VERSION = 1300;
				ENABLE_APP_SANDBOX = NO;
				ENABLE_HARDENED_RUNTIME = NO;
				ENABLE_USER_SCRIPT_SANDBOXING = YES;
				GENERATE_INFOPLIST_FILE = NO;
				INFOPLIST_FILE = Mac/Info.plist;
				LD_RUNPATH_SEARCH_PATHS = (
					"$(inherited)",
					"@executable_path/../Frameworks",
				);
				MACOSX_DEPLOYMENT_TARGET = 14.0;
				MARKETING_VERSION = 0.13.0;
				PRODUCT_BUNDLE_IDENTIFIER = com.andrews.ai.brain.mac;
				PRODUCT_NAME = "Ai Task Manager";
				SDKROOT = macosx;
				SUPPORTED_PLATFORMS = macosx;
				SWIFT_STRICT_CONCURRENCY = minimal;
				SWIFT_VERSION = 5.0;
			};
			name = Debug;
		};
		8D5ED1041709BB7FC1DE2B10 /* Release */ = {
			isa = XCBuildConfiguration;
			buildSettings = {
				CLANG_ENABLE_MODULES = YES;
				CLANG_ENABLE_OBJC_ARC = YES;
				DEBUG_INFORMATION_FORMAT = "dwarf-with-dsym";
				ENABLE_TESTABILITY = NO;
				SWIFT_ACTIVE_COMPILATION_CONDITIONS = "";
				SWIFT_OPTIMIZATION_LEVEL = "-O";
			};
			name = Release;
		};
		E787D47349D126009C328EA9 /* Debug */ = {
			isa = XCBuildConfiguration;
			buildSettings = {
				ASSETCATALOG_COMPILER_APPICON_NAME = AppIcon;
				CODE_SIGN_STYLE = Automatic;
				CURRENT_PROJECT_VERSION = 1300;
				DEVELOPMENT_TEAM = 225ANW4K8A;
				ENABLE_USER_SCRIPT_SANDBOXING = YES;
				GENERATE_INFOPLIST_FILE = NO;
				INFOPLIST_FILE = iPhone/Info.plist;
				IPHONEOS_DEPLOYMENT_TARGET = 17.0;
				LD_RUNPATH_SEARCH_PATHS = (
					"$(inherited)",
					"@executable_path/Frameworks",
				);
				MARKETING_VERSION = 0.13.0;
				PRODUCT_BUNDLE_IDENTIFIER = com.andrews.ai.brain.phone;
				PRODUCT_NAME = "Ai Task Manager";
				SDKROOT = iphoneos;
				SUPPORTED_PLATFORMS = "iphoneos iphonesimulator";
				SUPPORTS_MACCATALYST = NO;
				SWIFT_STRICT_CONCURRENCY = minimal;
				SWIFT_VERSION = 5.0;
				TARGETED_DEVICE_FAMILY = 1;
			};
			name = Debug;
		};
		F32F3356838B010091B25A45 /* Release */ = {
			isa = XCBuildConfiguration;
			buildSettings = {
				ASSETCATALOG_COMPILER_APPICON_NAME = AppIcon;
				CODE_SIGN_STYLE = Automatic;
				CURRENT_PROJECT_VERSION = 1300;
				ENABLE_APP_SANDBOX = NO;
				ENABLE_HARDENED_RUNTIME = NO;
				ENABLE_USER_SCRIPT_SANDBOXING = YES;
				GENERATE_INFOPLIST_FILE = NO;
				INFOPLIST_FILE = Mac/Info.plist;
				LD_RUNPATH_SEARCH_PATHS = (
					"$(inherited)",
					"@executable_path/../Frameworks",
				);
				MACOSX_DEPLOYMENT_TARGET = 14.0;
				MARKETING_VERSION = 0.13.0;
				PRODUCT_BUNDLE_IDENTIFIER = com.andrews.ai.brain.mac;
				PRODUCT_NAME = "Ai Task Manager";
				SDKROOT = macosx;
				SUPPORTED_PLATFORMS = macosx;
				SWIFT_STRICT_CONCURRENCY = minimal;
				SWIFT_VERSION = 5.0;
			};
			name = Release;
		};
/* End XCBuildConfiguration section */

/* Begin XCConfigurationList section */
		927FED1AB2217D3B3EC771F8 /* Build configuration list for PBXProject "AndrewsAiBrain" */ = {
			isa = XCConfigurationList;
			buildConfigurations = (
				59233E4D684FB5A1A72525B8 /* Debug */,
				8D5ED1041709BB7FC1DE2B10 /* Release */,
			);
			defaultConfigurationIsVisible = 0;
			defaultConfigurationName = Release;
		};
		9D38A2FC58F82BE46DE5ED6E /* Build configuration list for PBXNativeTarget "Ai Task Manager Mac" */ = {
			isa = XCConfigurationList;
			buildConfigurations = (
				879786BAEDB1AAB9CF1CEE6C /* Debug */,
				F32F3356838B010091B25A45 /* Release */,
			);
			defaultConfigurationIsVisible = 0;
			defaultConfigurationName = Release;
		};
		A626C1AE73B15621130EC735 /* Build configuration list for PBXNativeTarget "Ai Task Manager iPhone" */ = {
			isa = XCConfigurationList;
			buildConfigurations = (
				E787D47349D126009C328EA9 /* Debug */,
				7756B457937693E41A9CC2E6 /* Release */,
			);
			defaultConfigurationIsVisible = 0;
			defaultConfigurationName = Release;
		};
/* End XCConfigurationList section */

/* Begin XCRemoteSwiftPackageReference section */
		SPARKLE000000000000000001 /* XCRemoteSwiftPackageReference "Sparkle" */ = {
			isa = XCRemoteSwiftPackageReference;
			repositoryURL = "https://github.com/sparkle-project/Sparkle";
			requirement = {
				kind = exactVersion;
				version = 2.9.6;
			};
		};
/* End XCRemoteSwiftPackageReference section */

/* Begin XCSwiftPackageProductDependency section */
		SPARKLE000000000000000002 /* Sparkle */ = {
			isa = XCSwiftPackageProductDependency;
			package = SPARKLE000000000000000001 /* XCRemoteSwiftPackageReference "Sparkle" */;
			productName = Sparkle;
		};
/* End XCSwiftPackageProductDependency section */
	};
	rootObject = 46F86FAA6BBF9AC94A7E4595 /* Project object */;
}
